# This file is autogenerated, do not edit; changes may be undone by the next 'dep ensure'.


[[projects]]
  name = "github.com/antlr/antlr4"
  packages = ["runtime/Go/antlr"]
  revision = "bdc05c87be2ad981744223df0fd745e8345baba9"
  version = "4.7.1"

[[projects]]
  name = "github.com/davecgh/go-spew"
  packages = ["spew"]
  revision = "346938d642f2ec3594ed81d874461961cd0faa76"
  version = "v1.1.0"

[[projects]]
  name = "github.com/dyweb/gommon"
  packages = [
    "log",
    "structure",
    "util/color",
    "util/hashutil",
    "util/runtimeutil"
  ]
  revision = "b950eeb909a37aa06f0820dcdc414a1c53a2f7cf"
  version = "0.0.5"

[[projects]]
  name = "github.com/pmezard/go-difflib"
  packages = ["difflib"]
  revision = "792786c7400a136282c1664665ae0a8db921c6c2"
  version = "v1.0.0"

[[projects]]
  name = "github.com/stretchr/testify"
  packages = ["assert"]
  revision = "12b6f73e6084dad08a7c6e575284b177ecafbc71"
  version = "v1.2.1"

[solve-meta]
  analyzer-name = "dep"
  analyzer-version = 1
  inputs-digest = "75a1b81340e68e6426b867246394c734feb7e6abd010aa1eff12149839616954"
  solver-name = "gps-cdcl"
  solver-version = 1
